
Microsoft Visual Studio Solution File, Format Version 12.00
# Visual Studio Version 17
VisualStudioVersion = 17.6.33723.286
MinimumVisualStudioVersion = 10.0.40219.1
Project("{FAE04EC0-301F-11D3-BF4B-00C04F79EFBC}") = "Cudovista3", "Cudovista3.csproj", "{123055CB-4088-4487-B220-BA1C620976F2}"
EndProject
Project("{FAE04EC0-301F-11D3-BF4B-00C04F79EFBC}") = "CudovistaLibrary", "..\CudovistaLibrary\CudovistaLibrary.csproj", "{30B68CAA-2C54-4BA0-BFBD-B0AE950BE583}"
EndProject
Global
	GlobalSection(SolutionConfigurationPlatforms) = preSolution
		Debug|Any CPU = Debug|Any CPU
		Release|Any CPU = Release|Any CPU
	EndGlobalSection
	GlobalSection(ProjectConfigurationPlatforms) = postSolution
		{123055CB-4088-4487-B220-BA1C620976F2}.Debug|Any CPU.ActiveCfg = Debug|Any CPU
		{123055CB-4088-4487-B220-BA1C620976F2}.Debug|Any CPU.Build.0 = Debug|Any CPU
		{123055CB-4088-4487-B220-BA1C620976F2}.Release|Any CPU.ActiveCfg = Release|Any CPU
		{123055CB-4088-4487-B220-BA1C620976F2}.Release|Any CPU.Build.0 = Release|Any CPU
		{30B68CAA-2C54-4BA0-BFBD-B0AE950BE583}.Debug|Any CPU.ActiveCfg = Debug|Any CPU
		{30B68CAA-2C54-4BA0-BFBD-B0AE950BE583}.Debug|Any CPU.Build.0 = Debug|Any CPU
		{30B68CAA-2C54-4BA0-BFBD-B0AE950BE583}.Release|Any CPU.ActiveCfg = Release|Any CPU
		{30B68CAA-2C54-4BA0-BFBD-B0AE950BE583}.Release|Any CPU.Build.0 = Release|Any CPU
	EndGlobalSection
	GlobalSection(SolutionProperties) = preSolution
		HideSolutionNode = FALSE
	EndGlobalSection
	GlobalSection(ExtensibilityGlobals) = postSolution
		SolutionGuid = {B002AE89-D8DB-4BCC-9D95-3469951E160B}
	EndGlobalSection
EndGlobal
